
Microsoft Visual Studio Solution File, Format Version 12.00
# Visual Studio Version 17
VisualStudioVersion = 17.8.34525.116
MinimumVisualStudioVersion = 10.0.40219.1
Project("{FAE04EC0-301F-11D3-BF4B-00C04F79EFBC}") = "ConvertToTicket", "ConvertToTicket\ConvertToTicket.csproj", "{465751C4-20DC-453A-808D-0F63205145A5}"
EndProject
Project("{FAE04EC0-301F-11D3-BF4B-00C04F79EFBC}") = "ConvertToTicketWeb", "ConvertToTicketWeb\ConvertToTicketWeb.csproj", "{D5C0B537-B2C1-497B-9070-E0F1003EEB73}"
EndProject
Global
	GlobalSection(SolutionConfigurationPlatforms) = preSolution
		Debug|Any CPU = Debug|Any CPU
		Release|Any CPU = Release|Any CPU
	EndGlobalSection
	GlobalSection(ProjectConfigurationPlatforms) = postSolution
		{465751C4-20DC-453A-808D-0F63205145A5}.Debug|Any CPU.ActiveCfg = Debug|Any CPU
		{465751C4-20DC-453A-808D-0F63205145A5}.Debug|Any CPU.Build.0 = Debug|Any CPU
		{465751C4-20DC-453A-808D-0F63205145A5}.Debug|Any CPU.Deploy.0 = Debug|Any CPU
		{465751C4-20DC-453A-808D-0F63205145A5}.Release|Any CPU.ActiveCfg = Release|Any CPU
		{465751C4-20DC-453A-808D-0F63205145A5}.Release|Any CPU.Build.0 = Release|Any CPU
		{465751C4-20DC-453A-808D-0F63205145A5}.Release|Any CPU.Deploy.0 = Release|Any CPU
		{D5C0B537-B2C1-497B-9070-E0F1003EEB73}.Debug|Any CPU.ActiveCfg = Debug|Any CPU
		{D5C0B537-B2C1-497B-9070-E0F1003EEB73}.Debug|Any CPU.Build.0 = Debug|Any CPU
		{D5C0B537-B2C1-497B-9070-E0F1003EEB73}.Release|Any CPU.ActiveCfg = Release|Any CPU
		{D5C0B537-B2C1-497B-9070-E0F1003EEB73}.Release|Any CPU.Build.0 = Release|Any CPU
	EndGlobalSection
	GlobalSection(SolutionProperties) = preSolution
		HideSolutionNode = FALSE
	EndGlobalSection
	GlobalSection(ExtensibilityGlobals) = postSolution
		SolutionGuid = {462B8E18-8A1C-4E48-8CB1-F08788BFD7C7}
	EndGlobalSection
EndGlobal
